
Microsoft Visual Studio Solution File, Format Version 12.00
# Visual Studio Version 17
VisualStudioVersion = 17.6.33815.320
MinimumVisualStudioVersion = 10.0.40219.1
Project("{9A19103F-16F7-4668-BE54-9A1E7A4F7556}") = "ShopOnline.WebApi", "ShopOnline.WebApi\ShopOnline.WebApi.csproj", "{A31F0D1E-DC55-4E8C-8A50-CCD15A8E6A4C}"
EndProject
Project("{9A19103F-16F7-4668-BE54-9A1E7A4F7556}") = "ShopOnline.Models", "ShopOnline.Models\ShopOnline.Models.csproj", "{B9427D4A-11DF-4774-9B5B-07764348D95A}"
EndProject
Project("{9A19103F-16F7-4668-BE54-9A1E7A4F7556}") = "ShopOnline.Web", "ShopOnline.Web\ShopOnline.Web.csproj", "{F41C35FE-BA20-4B98-B8C0-F00C70E698BA}"
EndProject
Global
	GlobalSection(SolutionConfigurationPlatforms) = preSolution
		Debug|Any CPU = Debug|Any CPU
		Release|Any CPU = Release|Any CPU
	EndGlobalSection
	GlobalSection(ProjectConfigurationPlatforms) = postSolution
		{A31F0D1E-DC55-4E8C-8A50-CCD15A8E6A4C}.Debug|Any CPU.ActiveCfg = Debug|Any CPU
		{A31F0D1E-DC55-4E8C-8A50-CCD15A8E6A4C}.Debug|Any CPU.Build.0 = Debug|Any CPU
		{A31F0D1E-DC55-4E8C-8A50-CCD15A8E6A4C}.Release|Any CPU.ActiveCfg = Release|Any CPU
		{A31F0D1E-DC55-4E8C-8A50-CCD15A8E6A4C}.Release|Any CPU.Build.0 = Release|Any CPU
		{B9427D4A-11DF-4774-9B5B-07764348D95A}.Debug|Any CPU.ActiveCfg = Debug|Any CPU
		{B9427D4A-11DF-4774-9B5B-07764348D95A}.Debug|Any CPU.Build.0 = Debug|Any CPU
		{B9427D4A-11DF-4774-9B5B-07764348D95A}.Release|Any CPU.ActiveCfg = Release|Any CPU
		{B9427D4A-11DF-4774-9B5B-07764348D95A}.Release|Any CPU.Build.0 = Release|Any CPU
		{F41C35FE-BA20-4B98-B8C0-F00C70E698BA}.Debug|Any CPU.ActiveCfg = Debug|Any CPU
		{F41C35FE-BA20-4B98-B8C0-F00C70E698BA}.Debug|Any CPU.Build.0 = Debug|Any CPU
		{F41C35FE-BA20-4B98-B8C0-F00C70E698BA}.Release|Any CPU.ActiveCfg = Release|Any CPU
		{F41C35FE-BA20-4B98-B8C0-F00C70E698BA}.Release|Any CPU.Build.0 = Release|Any CPU
	EndGlobalSection
	GlobalSection(SolutionProperties) = preSolution
		HideSolutionNode = FALSE
	EndGlobalSection
	GlobalSection(ExtensibilityGlobals) = postSolution
		SolutionGuid = {B51D83EC-A8B5-4E2D-9720-D2487EFC4A3D}
	EndGlobalSection
EndGlobal
